
Microsoft Visual Studio Solution File, Format Version 12.00
# Visual Studio Version 16
VisualStudioVersion = 16.0.31019.35
MinimumVisualStudioVersion = 10.0.40219.1
Project("{FAE04EC0-301F-11D3-BF4B-00C04F79EFBC}") = "Ćwiczenie12", "Ćwiczenie12\Ćwiczenie12.csproj", "{7F4D879E-4E2C-484B-B180-08E6AB7A06EF}"
EndProject
Global
	GlobalSection(SolutionConfigurationPlatforms) = preSolution
		Debug|Any CPU = Debug|Any CPU
		Release|Any CPU = Release|Any CPU
	EndGlobalSection
	GlobalSection(ProjectConfigurationPlatforms) = postSolution
		{7F4D879E-4E2C-484B-B180-08E6AB7A06EF}.Debug|Any CPU.ActiveCfg = Debug|Any CPU
		{7F4D879E-4E2C-484B-B180-08E6AB7A06EF}.Debug|Any CPU.Build.0 = Debug|Any CPU
		{7F4D879E-4E2C-484B-B180-08E6AB7A06EF}.Release|Any CPU.ActiveCfg = Release|Any CPU
		{7F4D879E-4E2C-484B-B180-08E6AB7A06EF}.Release|Any CPU.Build.0 = Release|Any CPU
	EndGlobalSection
	GlobalSection(SolutionProperties) = preSolution
		HideSolutionNode = FALSE
	EndGlobalSection
	GlobalSection(ExtensibilityGlobals) = postSolution
		SolutionGuid = {BD018B6D-603E-4998-BF91-050B9665CD9C}
	EndGlobalSection
EndGlobal
