
Microsoft Visual Studio Solution File, Format Version 12.00
# Visual Studio Version 16
VisualStudioVersion = 16.0.31019.35
MinimumVisualStudioVersion = 10.0.40219.1
Project("{FAE04EC0-301F-11D3-BF4B-00C04F79EFBC}") = "Ćwiczenie7", "Ćwiczenie7\Ćwiczenie7.csproj", "{A403946C-EA74-489B-B189-B07BED85360D}"
EndProject
Global
	GlobalSection(SolutionConfigurationPlatforms) = preSolution
		Debug|Any CPU = Debug|Any CPU
		Release|Any CPU = Release|Any CPU
	EndGlobalSection
	GlobalSection(ProjectConfigurationPlatforms) = postSolution
		{A403946C-EA74-489B-B189-B07BED85360D}.Debug|Any CPU.ActiveCfg = Debug|Any CPU
		{A403946C-EA74-489B-B189-B07BED85360D}.Debug|Any CPU.Build.0 = Debug|Any CPU
		{A403946C-EA74-489B-B189-B07BED85360D}.Release|Any CPU.ActiveCfg = Release|Any CPU
		{A403946C-EA74-489B-B189-B07BED85360D}.Release|Any CPU.Build.0 = Release|Any CPU
	EndGlobalSection
	GlobalSection(SolutionProperties) = preSolution
		HideSolutionNode = FALSE
	EndGlobalSection
	GlobalSection(ExtensibilityGlobals) = postSolution
		SolutionGuid = {15D1C595-B2A0-4F86-9884-D1D98901C60D}
	EndGlobalSection
EndGlobal
