
Microsoft Visual Studio Solution File, Format Version 12.00
# Visual Studio Version 16
VisualStudioVersion = 16.0.31019.35
MinimumVisualStudioVersion = 10.0.40219.1
Project("{FAE04EC0-301F-11D3-BF4B-00C04F79EFBC}") = "Ćwiczenie5", "Ćwiczenie5\Ćwiczenie5.csproj", "{1BE21FE8-BB58-45C9-BF2D-E825E8D63D7B}"
EndProject
Global
	GlobalSection(SolutionConfigurationPlatforms) = preSolution
		Debug|Any CPU = Debug|Any CPU
		Release|Any CPU = Release|Any CPU
	EndGlobalSection
	GlobalSection(ProjectConfigurationPlatforms) = postSolution
		{1BE21FE8-BB58-45C9-BF2D-E825E8D63D7B}.Debug|Any CPU.ActiveCfg = Debug|Any CPU
		{1BE21FE8-BB58-45C9-BF2D-E825E8D63D7B}.Debug|Any CPU.Build.0 = Debug|Any CPU
		{1BE21FE8-BB58-45C9-BF2D-E825E8D63D7B}.Release|Any CPU.ActiveCfg = Release|Any CPU
		{1BE21FE8-BB58-45C9-BF2D-E825E8D63D7B}.Release|Any CPU.Build.0 = Release|Any CPU
	EndGlobalSection
	GlobalSection(SolutionProperties) = preSolution
		HideSolutionNode = FALSE
	EndGlobalSection
	GlobalSection(ExtensibilityGlobals) = postSolution
		SolutionGuid = {5BAD59BA-CC22-4776-99A9-41A3F47BD72B}
	EndGlobalSection
EndGlobal
