
Microsoft Visual Studio Solution File, Format Version 12.00
# Visual Studio Version 16
VisualStudioVersion = 16.0.31019.35
MinimumVisualStudioVersion = 10.0.40219.1
Project("{FAE04EC0-301F-11D3-BF4B-00C04F79EFBC}") = "Ćwiczenie8", "Ćwiczenie8\Ćwiczenie8.csproj", "{521F0560-A6E8-4B86-931D-8F5FDB0E54E9}"
EndProject
Global
	GlobalSection(SolutionConfigurationPlatforms) = preSolution
		Debug|Any CPU = Debug|Any CPU
		Release|Any CPU = Release|Any CPU
	EndGlobalSection
	GlobalSection(ProjectConfigurationPlatforms) = postSolution
		{521F0560-A6E8-4B86-931D-8F5FDB0E54E9}.Debug|Any CPU.ActiveCfg = Debug|Any CPU
		{521F0560-A6E8-4B86-931D-8F5FDB0E54E9}.Debug|Any CPU.Build.0 = Debug|Any CPU
		{521F0560-A6E8-4B86-931D-8F5FDB0E54E9}.Release|Any CPU.ActiveCfg = Release|Any CPU
		{521F0560-A6E8-4B86-931D-8F5FDB0E54E9}.Release|Any CPU.Build.0 = Release|Any CPU
	EndGlobalSection
	GlobalSection(SolutionProperties) = preSolution
		HideSolutionNode = FALSE
	EndGlobalSection
	GlobalSection(ExtensibilityGlobals) = postSolution
		SolutionGuid = {EB1B89B0-719A-4B2F-AC9D-E3F615282364}
	EndGlobalSection
EndGlobal
