
Microsoft Visual Studio Solution File, Format Version 12.00
# Visual Studio Version 16
VisualStudioVersion = 16.0.31019.35
MinimumVisualStudioVersion = 10.0.40219.1
Project("{FAE04EC0-301F-11D3-BF4B-00C04F79EFBC}") = "Ćwiczenie15", "Ćwiczenie15\Ćwiczenie15.csproj", "{D06C9322-1013-49FF-AFB0-0F70CBD232AA}"
EndProject
Global
	GlobalSection(SolutionConfigurationPlatforms) = preSolution
		Debug|Any CPU = Debug|Any CPU
		Release|Any CPU = Release|Any CPU
	EndGlobalSection
	GlobalSection(ProjectConfigurationPlatforms) = postSolution
		{D06C9322-1013-49FF-AFB0-0F70CBD232AA}.Debug|Any CPU.ActiveCfg = Debug|Any CPU
		{D06C9322-1013-49FF-AFB0-0F70CBD232AA}.Debug|Any CPU.Build.0 = Debug|Any CPU
		{D06C9322-1013-49FF-AFB0-0F70CBD232AA}.Release|Any CPU.ActiveCfg = Release|Any CPU
		{D06C9322-1013-49FF-AFB0-0F70CBD232AA}.Release|Any CPU.Build.0 = Release|Any CPU
	EndGlobalSection
	GlobalSection(SolutionProperties) = preSolution
		HideSolutionNode = FALSE
	EndGlobalSection
	GlobalSection(ExtensibilityGlobals) = postSolution
		SolutionGuid = {0B072D9A-8313-4A56-BECD-C3AAEAE5B030}
	EndGlobalSection
EndGlobal
